{
  "name": "@lazyingart/lazytunnel",
  "version": "0.2.1",
  "lockfileVersion": 3,
  "requires": true,
  "packages": {
    "": {
      "name": "@lazyingart/lazytunnel",
      "version": "0.2.1",
      "license": "MIT",
      "bin": {
        "lazytunnel": "bin/lazytunnel.mjs",
        "lazytunnel-client": "bin/lazytunnel-client.mjs",
        "lazytunnel-server": "bin/lazytunnel-server.mjs"
      },
      "engines": {
        "node": ">=22"
      }
    }
  }
}
